github.com/cpuguy83/go-md2man/v2 v2.0.1 h1:r/myEWzV9lfsM1tFLgDyu0atFtJ1fXn261LKYj/3DxU=
github.com/cpuguy83/go-md2man/v2 v2.0.1/go.mod h1:tgQtvFlXSQOSOSIRvRPT7W67SCa46tRHOmNcaadrF8o=
github.com/cpuguy83/go-md2man/v2 v2.0.2 h1:p1EgwI/C7NhT0JmVkwCD2ZBK8j4aeHQX2pMHHBfMQ6w=
github.com/cpuguy83/go-md2man/v2 v2.0.2/go.mod h1:tgQtvFlXSQOSOSIRvRPT7W67SCa46tRHOmNcaadrF8o=
github.com/fxamacker/cbor/v2 v2.4.0 h1:ri0ArlOR+5XunOP8CRUowT0pSJOwhW098ZCUyskZD88=
github.com/fxamacker/cbor/v2 v2.4.0/go.mod h1:TA1xS00nchWmaBnEIxPSE5oHLuJBAVvqrtAnWBwBCVo=
github.com/notaryproject/notation-go v0.8.0-alpha.1 h1:YbrmzZiEdK2/XSqwkT0/qvACiJGy7AXSaMbzbQc2RmI=
github.com/notaryproject/notation-go v0.8.0-alpha.1/go.mod h1:B/JbgikwvLoD9gFeWYhFtxIEozRoFAs9q31mj3vz1i4=
github.com/notaryproject/notation-go v0.8.0-alpha.1.0.20220518191708-407537596ed5 h1:gOayVV8HsSFN4BYLizWAMBtjoxSn944tjIxvwDgYmAY=
github.com/notaryproject/notation-go v0.8.0-alpha.1.0.20220518191708-407537596ed5/go.mod h1:KtNtijh22iUsC3y7KTzllwPoDKV7mJANYz/RunvOhqs=
github.com/notaryproject/notation-go v0.9.0-alpha.1 h1:ojijqN1Zb9HvJl8+MAx0GSa+r6it71Ge02sJbQSs6So=
github.com/notaryproject/notation-go v0.9.0-alpha.1/go.mod h1:KWQLcd5srho2UyMlsGmvsSlRMiFD5PUGLcUbfq6/Lyg=
github.com/opencontainers/go-digest v1.0.0 h1:apOUWs51W5PlhuyGyz9FCeeBIOUDA/6nW8Oi/yOhh5U=
github.com/opencontainers/go-digest v1.0.0/go.mod h1:0JzlMkj0TRzQZfJkVvzbP0HBR3IKzErnv2BNG4W4MAM=
github.com/oras-project/artifacts-spec v1.0.0-rc.1 h1:bCHf9mPbrgiNwQFyVzBX79BYZVAl0OUrmvICZOCOwts=
github.com/oras-project/artifacts-spec v1.0.0-rc.1/go.mod h1:Xch2aLzSwtkhbFFN6LUzTfLtukYvMMdXJ4oZ8O7BOdc=
github.com/russross/blackfriday/v2 v2.1.0 h1:JIOH55/0cWyOuilr9/qlrm0BSXldqnqwMsf35Ld67mk=
github.com/russross/blackfriday/v2 v2.1.0/go.mod h1:+Rmxgy9KzJVeS9/2gXHxylqXiyQDYRxCVz55jmeOWTM=
github.com/urfave/cli/v2 v2.5.0 h1:2sqblaW62ebcTIEvwb8eRvDfNHeBAeKxfhdynaanhug=
github.com/urfave/cli/v2 v2.5.0/go.mod h1:oDzoM7pVwz6wHn5ogWgFUU1s4VJayeQS+aEZDqXIEJs=
github.com/urfave/cli/v2 v2.10.3 h1:oi571Fxz5aHugfBAJd5nkwSk3fzATXtMlpxdLylSCMo=
github.com/urfave/cli/v2 v2.10.3/go.mod h1:f8iq5LtQ/bLxafbdBSLPPNsgaW0l/2fYYEHhAyPlwvo=
github.com/veraison/go-cose v0.0.0-20220425074922-8cef769ef52c h1:ix/10qPlr0+90VVJD5yJGQtL6Dgrl/AxkQuKcWhTcys=
github.com/veraison/go-cose v0.0.0-20220425074922-8cef769ef52c/go.mod h1:7ziE85vSq4ScFTg6wyoMXjucIGOf4JkFEZi/an96Ct4=
github.com/veraison/go-cose v1.0.0-alpha.1 h1:W5AhenQOS3ZDsJH2rdDMffLuuFOIoZw6VfIAkPatsRs=
github.com/veraison/go-cose v1.0.0-alpha.1/go.mod h1:7ziE85vSq4ScFTg6wyoMXjucIGOf4JkFEZi/an96Ct4=
github.com/x448/float16 v0.8.4 h1:qLwI1I70+NjRFUR3zs1JPUCgaCXSh3SW62uAKT1mSBM=
github.com/x448/float16 v0.8.4/go.mod h1:14CWIYCyZA/cWjXOioeEpHeN/83MdbZDRQHoFcYsOfg=
github.com/xrash/smetrics v0.0.0-20201216005158-039620a65673 h1:bAn7/zixMGCfxrRTfdpNzjtPYqr8smhKouy9mxVdGPU=
github.com/xrash/smetrics v0.0.0-20201216005158-039620a65673/go.mod h1:N3UwUGtsrSj3ccvlPHLoLsHnpR27oXr4ZE984MbSER8=
